// !$*UTF8*$!
{
	archiveVersion = 1;
	classes = {
	};
	objectVersion = 56;
	objects = {

/* Begin PBXBuildFile section */
		7F8D7FC12A0D873400FA89F7 /* AppDelegate.swift in Sources */ = {isa = PBXBuildFile; fileRef = 7F8D7FC02A0D873400FA89F7 /* AppDelegate.swift */; };
		7F8D7FC32A0D873400FA89F7 /* SceneDelegate.swift in Sources */ = {isa = PBXBuildFile; fileRef = 7F8D7FC22A0D873400FA89F7 /* SceneDelegate.swift */; };
		7F8D7FC52A0D873400FA89F7 /* ViewController.swift in Sources */ = {isa = PBXBuildFile; fileRef = 7F8D7FC42A0D873400FA89F7 /* ViewController.swift */; };
		7F8D7FC82A0D873400FA89F7 /* Main.storyboard in Resources */ = {isa = PBXBuildFile; fileRef = 7F8D7FC62A0D873400FA89F7 /* Main.storyboard */; };
		7F8D7FCA2A0D873400FA89F7 /* Assets.xcassets in Resources */ = {isa = PBXBuildFile; fileRef = 7F8D7FC92A0D873400FA89F7 /* Assets.xcassets */; };
		7F8D7FCD2A0D873400FA89F7 /* LaunchScreen.storyboard in Resources */ = {isa = PBXBuildFile; fileRef = 7F8D7FCB2A0D873400FA89F7 /* LaunchScreen.storyboard */; };
		7F8D7FEE2A0D898400FA89F7 /* bgBlue.png in Resources */ = {isa = PBXBuildFile; fileRef = 7F8D7FD62A0D898400FA89F7 /* bgBlue.png */; };
		7F8D7FEF2A0D898400FA89F7 /* bgGreen.png in Resources */ = {isa = PBXBuildFile; fileRef = 7F8D7FD72A0D898400FA89F7 /* bgGreen.png */; };
		7F8D7FF02A0D898400FA89F7 /* gacha.png in Resources */ = {isa = PBXBuildFile; fileRef = 7F8D7FD82A0D898400FA89F7 /* gacha.png */; };
		7F8D7FF12A0D898400FA89F7 /* bgRed.png in Resources */ = {isa = PBXBuildFile; fileRef = 7F8D7FD92A0D898400FA89F7 /* bgRed.png */; };
		7F8D7FF22A0D898400FA89F7 /* Presentbox.png in Resources */ = {isa = PBXBuildFile; fileRef = 7F8D7FDA2A0D898400FA89F7 /* Presentbox.png */; };
		7F8D7FF32A0D898400FA89F7 /* mediaArt.png in Resources */ = {isa = PBXBuildFile; fileRef = 7F8D7FDC2A0D898400FA89F7 /* mediaArt.png */; };
		7F8D7FF42A0D898400FA89F7 /* digitalMusic.png in Resources */ = {isa = PBXBuildFile; fileRef = 7F8D7FDD2A0D898400FA89F7 /* digitalMusic.png */; };
		7F8D7FF52A0D898400FA89F7 /* unity.png in Resources */ = {isa = PBXBuildFile; fileRef = 7F8D7FDE2A0D898400FA89F7 /* unity.png */; };
		7F8D7FF62A0D898400FA89F7 /* designer.png in Resources */ = {isa = PBXBuildFile; fileRef = 7F8D7FDF2A0D898400FA89F7 /* designer.png */; };
		7F8D7FF72A0D898400FA89F7 /* movie.png in Resources */ = {isa = PBXBuildFile; fileRef = 7F8D7FE02A0D898400FA89F7 /* movie.png */; };
		7F8D7FF82A0D898400FA89F7 /* animation.png in Resources */ = {isa = PBXBuildFile; fileRef = 7F8D7FE12A0D898400FA89F7 /* animation.png */; };
		7F8D7FF92A0D898400FA89F7 /* webService.png in Resources */ = {isa = PBXBuildFile; fileRef = 7F8D7FE22A0D898400FA89F7 /* webService.png */; };
		7F8D7FFA2A0D898400FA89F7 /* android.png in Resources */ = {isa = PBXBuildFile; fileRef = 7F8D7FE32A0D898400FA89F7 /* android.png */; };
		7F8D7FFB2A0D898400FA89F7 /* IoTMesh.png in Resources */ = {isa = PBXBuildFile; fileRef = 7F8D7FE42A0D898400FA89F7 /* IoTMesh.png */; };
		7F8D7FFC2A0D898400FA89F7 /* minecraft.png in Resources */ = {isa = PBXBuildFile; fileRef = 7F8D7FE52A0D898400FA89F7 /* minecraft.png */; };
		7F8D7FFD2A0D898400FA89F7 /* maya.png in Resources */ = {isa = PBXBuildFile; fileRef = 7F8D7FE62A0D898400FA89F7 /* maya.png */; };
		7F8D7FFE2A0D898400FA89F7 /* iphone.png in Resources */ = {isa = PBXBuildFile; fileRef = 7F8D7FE72A0D898400FA89F7 /* iphone.png */; };
		7F8D7FFF2A0D898400FA89F7 /* webDesign.png in Resources */ = {isa = PBXBuildFile; fileRef = 7F8D7FE82A0D898400FA89F7 /* webDesign.png */; };
		7F8D80002A0D898400FA89F7 /* README.txt in Resources */ = {isa = PBXBuildFile; fileRef = 7F8D7FE92A0D898400FA89F7 /* README.txt */; };
		7F8D80012A0D898400FA89F7 /* miku.png in Resources */ = {isa = PBXBuildFile; fileRef = 7F8D7FEA2A0D898400FA89F7 /* miku.png */; };
		7F8D80022A0D898400FA89F7 /* 2DGame.png in Resources */ = {isa = PBXBuildFile; fileRef = 7F8D7FEB2A0D898400FA89F7 /* 2DGame.png */; };
		7F8D80032A0D898400FA89F7 /* line.png in Resources */ = {isa = PBXBuildFile; fileRef = 7F8D7FEC2A0D898400FA89F7 /* line.png */; };
		7F8D80042A0D898400FA89F7 /* camera.png in Resources */ = {isa = PBXBuildFile; fileRef = 7F8D7FED2A0D898400FA89F7 /* camera.png */; };
		7F8D80082A0D8BB800FA89F7 /* ResultViewController.swift in Sources */ = {isa = PBXBuildFile; fileRef = 7F8D80072A0D8BB800FA89F7 /* ResultViewController.swift */; };
/* End PBXBuildFile section */

/* Begin PBXFileReference section */
		7F8D7FBD2A0D873400FA89F7 /* Gacha.app */ = {isa = PBXFileReference; explicitFileType = wrapper.application; includeInIndex = 0; path = Gacha.app; sourceTree = BUILT_PRODUCTS_DIR; };
		7F8D7FC02A0D873400FA89F7 /* AppDelegate.swift */ = {isa = PBXFileReference; lastKnownFileType = sourcecode.swift; path = AppDelegate.swift; sourceTree = "<group>"; };
		7F8D7FC22A0D873400FA89F7 /* SceneDelegate.swift */ = {isa = PBXFileReference; lastKnownFileType = sourcecode.swift; path = SceneDelegate.swift; sourceTree = "<group>"; };
		7F8D7FC42A0D873400FA89F7 /* ViewController.swift */ = {isa = PBXFileReference; lastKnownFileType = sourcecode.swift; path = ViewController.swift; sourceTree = "<group>"; };
		7F8D7FC72A0D873400FA89F7 /* Base */ = {isa = PBXFileReference; lastKnownFileType = file.storyboard; name = Base; path = Base.lproj/Main.storyboard; sourceTree = "<group>"; };
		7F8D7FC92A0D873400FA89F7 /* Assets.xcassets */ = {isa = PBXFileReference; lastKnownFileType = folder.assetcatalog; path = Assets.xcassets; sourceTree = "<group>"; };
		7F8D7FCC2A0D873400FA89F7 /* Base */ = {isa = PBXFileReference; lastKnownFileType = file.storyboard; name = Base; path = Base.lproj/LaunchScreen.storyboard; sourceTree = "<group>"; };
		7F8D7FCE2A0D873400FA89F7 /* Info.plist */ = {isa = PBXFileReference; lastKnownFileType = text.plist.xml; path = Info.plist; sourceTree = "<group>"; };
		7F8D7FD62A0D898400FA89F7 /* bgBlue.png */ = {isa = PBXFileReference; lastKnownFileType = image.png; path = bgBlue.png; sourceTree = "<group>"; };
		7F8D7FD72A0D898400FA89F7 /* bgGreen.png */ = {isa = PBXFileReference; lastKnownFileType = image.png; path = bgGreen.png; sourceTree = "<group>"; };
		7F8D7FD82A0D898400FA89F7 /* gacha.png */ = {isa = PBXFileReference; lastKnownFileType = image.png; path = gacha.png; sourceTree = "<group>"; };
		7F8D7FD92A0D898400FA89F7 /* bgRed.png */ = {isa = PBXFileReference; lastKnownFileType = image.png; path = bgRed.png; sourceTree = "<group>"; };
		7F8D7FDA2A0D898400FA89F7 /* Presentbox.png */ = {isa = PBXFileReference; lastKnownFileType = image.png; path = Presentbox.png; sourceTree = "<group>"; };
		7F8D7FDC2A0D898400FA89F7 /* mediaArt.png */ = {isa = PBXFileReference; lastKnownFileType = image.png; path = mediaArt.png; sourceTree = "<group>"; };
		7F8D7FDD2A0D898400FA89F7 /* digitalMusic.png */ = {isa = PBXFileReference; lastKnownFileType = image.png; path = digitalMusic.png; sourceTree = "<group>"; };
		7F8D7FDE2A0D898400FA89F7 /* unity.png */ = {isa = PBXFileReference; lastKnownFileType = image.png; path = unity.png; sourceTree = "<group>"; };
		7F8D7FDF2A0D898400FA89F7 /* designer.png */ = {isa = PBXFileReference; lastKnownFileType = image.png; path = designer.png; sourceTree = "<group>"; };
		7F8D7FE02A0D898400FA89F7 /* movie.png */ = {isa = PBXFileReference; lastKnownFileType = image.png; path = movie.png; sourceTree = "<group>"; };
		7F8D7FE12A0D898400FA89F7 /* animation.png */ = {isa = PBXFileReference; lastKnownFileType = image.png; path = animation.png; sourceTree = "<group>"; };
		7F8D7FE22A0D898400FA89F7 /* webService.png */ = {isa = PBXFileReference; lastKnownFileType = image.png; path = webService.png; sourceTree = "<group>"; };
		7F8D7FE32A0D898400FA89F7 /* android.png */ = {isa = PBXFileReference; lastKnownFileType = image.png; path = android.png; sourceTree = "<group>"; };
		7F8D7FE42A0D898400FA89F7 /* IoTMesh.png */ = {isa = PBXFileReference; lastKnownFileType = image.png; path = IoTMesh.png; sourceTree = "<group>"; };
		7F8D7FE52A0D898400FA89F7 /* minecraft.png */ = {isa = PBXFileReference; lastKnownFileType = image.png; path = minecraft.png; sourceTree = "<group>"; };
		7F8D7FE62A0D898400FA89F7 /* maya.png */ = {isa = PBXFileReference; lastKnownFileType = image.png; path = maya.png; sourceTree = "<group>"; };
		7F8D7FE72A0D898400FA89F7 /* iphone.png */ = {isa = PBXFileReference; lastKnownFileType = image.png; path = iphone.png; sourceTree = "<group>"; };
		7F8D7FE82A0D898400FA89F7 /* webDesign.png */ = {isa = PBXFileReference; lastKnownFileType = image.png; path = webDesign.png; sourceTree = "<group>"; };
		7F8D7FE92A0D898400FA89F7 /* README.txt */ = {isa = PBXFileReference; fileEncoding = 4; lastKnownFileType = text; path = README.txt; sourceTree = "<group>"; };
		7F8D7FEA2A0D898400FA89F7 /* miku.png */ = {isa = PBXFileReference; lastKnownFileType = image.png; path = miku.png; sourceTree = "<group>"; };
		7F8D7FEB2A0D898400FA89F7 /* 2DGame.png */ = {isa = PBXFileReference; lastKnownFileType = image.png; path = 2DGame.png; sourceTree = "<group>"; };
		7F8D7FEC2A0D898400FA89F7 /* line.png */ = {isa = PBXFileReference; lastKnownFileType = image.png; path = line.png; sourceTree = "<group>"; };
		7F8D7FED2A0D898400FA89F7 /* camera.png */ = {isa = PBXFileReference; lastKnownFileType = image.png; path = camera.png; sourceTree = "<group>"; };
		7F8D80072A0D8BB800FA89F7 /* ResultViewController.swift */ = {isa = PBXFileReference; lastKnownFileType = sourcecode.swift; path = ResultViewController.swift; sourceTree = "<group>"; };
/* End PBXFileReference section */

/* Begin PBXFrameworksBuildPhase section */
		7F8D7FBA2A0D873400FA89F7 /* Frameworks */ = {
			isa = PBXFrameworksBuildPhase;
			buildActionMask = 2147483647;
			files = (
			);
			runOnlyForDeploymentPostprocessing = 0;
		};
/* End PBXFrameworksBuildPhase section */

/* Begin PBXGroup section */
		7F8D7FB42A0D873400FA89F7 = {
			isa = PBXGroup;
			children = (
				7F8D7FBF2A0D873400FA89F7 /* Gacha */,
				7F8D7FBE2A0D873400FA89F7 /* Products */,
			);
			sourceTree = "<group>";
		};
		7F8D7FBE2A0D873400FA89F7 /* Products */ = {
			isa = PBXGroup;
			children = (
				7F8D7FBD2A0D873400FA89F7 /* Gacha.app */,
			);
			name = Products;
			sourceTree = "<group>";
		};
		7F8D7FBF2A0D873400FA89F7 /* Gacha */ = {
			isa = PBXGroup;
			children = (
				7F8D7FC02A0D873400FA89F7 /* AppDelegate.swift */,
				7F8D7FC22A0D873400FA89F7 /* SceneDelegate.swift */,
				7F8D7FC42A0D873400FA89F7 /* ViewController.swift */,
				7F8D7FC62A0D873400FA89F7 /* Main.storyboard */,
				7F8D7FC92A0D873400FA89F7 /* Assets.xcassets */,
				7F8D7FCB2A0D873400FA89F7 /* LaunchScreen.storyboard */,
				7F8D7FCE2A0D873400FA89F7 /* Info.plist */,
				7F8D7FD42A0D898400FA89F7 /* GachaResources */,
				7F8D80072A0D8BB800FA89F7 /* ResultViewController.swift */,
			);
			path = Gacha;
			sourceTree = "<group>";
		};
		7F8D7FD42A0D898400FA89F7 /* GachaResources */ = {
			isa = PBXGroup;
			children = (
				7F8D7FD52A0D898400FA89F7 /* background */,
				7F8D7FDB2A0D898400FA89F7 /* character */,
			);
			path = GachaResources;
			sourceTree = "<group>";
		};
		7F8D7FD52A0D898400FA89F7 /* background */ = {
			isa = PBXGroup;
			children = (
				7F8D7FD62A0D898400FA89F7 /* bgBlue.png */,
				7F8D7FD72A0D898400FA89F7 /* bgGreen.png */,
				7F8D7FD82A0D898400FA89F7 /* gacha.png */,
				7F8D7FD92A0D898400FA89F7 /* bgRed.png */,
				7F8D7FDA2A0D898400FA89F7 /* Presentbox.png */,
			);
			path = background;
			sourceTree = "<group>";
		};
		7F8D7FDB2A0D898400FA89F7 /* character */ = {
			isa = PBXGroup;
			children = (
				7F8D7FDC2A0D898400FA89F7 /* mediaArt.png */,
				7F8D7FDD2A0D898400FA89F7 /* digitalMusic.png */,
				7F8D7FDE2A0D898400FA89F7 /* unity.png */,
				7F8D7FDF2A0D898400FA89F7 /* designer.png */,
				7F8D7FE02A0D898400FA89F7 /* movie.png */,
				7F8D7FE12A0D898400FA89F7 /* animation.png */,
				7F8D7FE22A0D898400FA89F7 /* webService.png */,
				7F8D7FE32A0D898400FA89F7 /* android.png */,
				7F8D7FE42A0D898400FA89F7 /* IoTMesh.png */,
				7F8D7FE52A0D898400FA89F7 /* minecraft.png */,
				7F8D7FE62A0D898400FA89F7 /* maya.png */,
				7F8D7FE72A0D898400FA89F7 /* iphone.png */,
				7F8D7FE82A0D898400FA89F7 /* webDesign.png */,
				7F8D7FE92A0D898400FA89F7 /* README.txt */,
				7F8D7FEA2A0D898400FA89F7 /* miku.png */,
				7F8D7FEB2A0D898400FA89F7 /* 2DGame.png */,
				7F8D7FEC2A0D898400FA89F7 /* line.png */,
				7F8D7FED2A0D898400FA89F7 /* camera.png */,
			);
			path = character;
			sourceTree = "<group>";
		};
/* End PBXGroup section */

/* Begin PBXNativeTarget section */
		7F8D7FBC2A0D873400FA89F7 /* Gacha */ = {
			isa = PBXNativeTarget;
			buildConfigurationList = 7F8D7FD12A0D873400FA89F7 /* Build configuration list for PBXNativeTarget "Gacha" */;
			buildPhases = (
				7F8D7FB92A0D873400FA89F7 /* Sources */,
				7F8D7FBA2A0D873400FA89F7 /* Frameworks */,
				7F8D7FBB2A0D873400FA89F7 /* Resources */,
			);
			buildRules = (
			);
			dependencies = (
			);
			name = Gacha;
			productName = Gacha;
			productReference = 7F8D7FBD2A0D873400FA89F7 /* Gacha.app */;
			productType = "com.apple.product-type.application";
		};
/* End PBXNativeTarget section */

/* Begin PBXProject section */
		7F8D7FB52A0D873400FA89F7 /* Project object */ = {
			isa = PBXProject;
			attributes = {
				BuildIndependentTargetsInParallel = 1;
				LastSwiftUpdateCheck = 1430;
				LastUpgradeCheck = 1430;
				TargetAttributes = {
					7F8D7FBC2A0D873400FA89F7 = {
						CreatedOnToolsVersion = 14.3;
					};
				};
			};
			buildConfigurationList = 7F8D7FB82A0D873400FA89F7 /* Build configuration list for PBXProject "Gacha" */;
			compatibilityVersion = "Xcode 14.0";
			developmentRegion = en;
			hasScannedForEncodings = 0;
			knownRegions = (
				en,
				Base,
			);
			mainGroup = 7F8D7FB42A0D873400FA89F7;
			productRefGroup = 7F8D7FBE2A0D873400FA89F7 /* Products */;
			projectDirPath = "";
			projectRoot = "";
			targets = (
				7F8D7FBC2A0D873400FA89F7 /* Gacha */,
			);
		};
/* End PBXProject section */

/* Begin PBXResourcesBuildPhase section */
		7F8D7FBB2A0D873400FA89F7 /* Resources */ = {
			isa = PBXResourcesBuildPhase;
			buildActionMask = 2147483647;
			files = (
				7F8D7FCD2A0D873400FA89F7 /* LaunchScreen.storyboard in Resources */,
				7F8D7FF32A0D898400FA89F7 /* mediaArt.png in Resources */,
				7F8D80002A0D898400FA89F7 /* README.txt in Resources */,
				7F8D7FF42A0D898400FA89F7 /* digitalMusic.png in Resources */,
				7F8D7FF12A0D898400FA89F7 /* bgRed.png in Resources */,
				7F8D7FF72A0D898400FA89F7 /* movie.png in Resources */,
				7F8D80042A0D898400FA89F7 /* camera.png in Resources */,
				7F8D7FFC2A0D898400FA89F7 /* minecraft.png in Resources */,
				7F8D7FFF2A0D898400FA89F7 /* webDesign.png in Resources */,
				7F8D7FF62A0D898400FA89F7 /* designer.png in Resources */,
				7F8D7FF92A0D898400FA89F7 /* webService.png in Resources */,
				7F8D7FCA2A0D873400FA89F7 /* Assets.xcassets in Resources */,
				7F8D7FF22A0D898400FA89F7 /* Presentbox.png in Resources */,
				7F8D7FF52A0D898400FA89F7 /* unity.png in Resources */,
				7F8D80022A0D898400FA89F7 /* 2DGame.png in Resources */,
				7F8D7FFB2A0D898400FA89F7 /* IoTMesh.png in Resources */,
				7F8D7FFE2A0D898400FA89F7 /* iphone.png in Resources */,
				7F8D80032A0D898400FA89F7 /* line.png in Resources */,
				7F8D7FFD2A0D898400FA89F7 /* maya.png in Resources */,
				7F8D80012A0D898400FA89F7 /* miku.png in Resources */,
				7F8D7FEF2A0D898400FA89F7 /* bgGreen.png in Resources */,
				7F8D7FEE2A0D898400FA89F7 /* bgBlue.png in Resources */,
				7F8D7FF02A0D898400FA89F7 /* gacha.png in Resources */,
				7F8D7FF82A0D898400FA89F7 /* animation.png in Resources */,
				7F8D7FC82A0D873400FA89F7 /* Main.storyboard in Resources */,
				7F8D7FFA2A0D898400FA89F7 /* android.png in Resources */,
			);
			runOnlyForDeploymentPostprocessing = 0;
		};
/* End PBXResourcesBuildPhase section */

/* Begin PBXSourcesBuildPhase section */
		7F8D7FB92A0D873400FA89F7 /* Sources */ = {
			isa = PBXSourcesBuildPhase;
			buildActionMask = 2147483647;
			files = (
				7F8D7FC52A0D873400FA89F7 /* ViewController.swift in Sources */,
				7F8D7FC12A0D873400FA89F7 /* AppDelegate.swift in Sources */,
				7F8D7FC32A0D873400FA89F7 /* SceneDelegate.swift in Sources */,
				7F8D80082A0D8BB800FA89F7 /* ResultViewController.swift in Sources */,
			);
			runOnlyForDeploymentPostprocessing = 0;
		};
/* End PBXSourcesBuildPhase section */

/* Begin PBXVariantGroup section */
		7F8D7FC62A0D873400FA89F7 /* Main.storyboard */ = {
			isa = PBXVariantGroup;
			children = (
				7F8D7FC72A0D873400FA89F7 /* Base */,
			);
			name = Main.storyboard;
			sourceTree = "<group>";
		};
		7F8D7FCB2A0D873400FA89F7 /* LaunchScreen.storyboard */ = {
			isa = PBXVariantGroup;
			children = (
				7F8D7FCC2A0D873400FA89F7 /* Base */,
			);
			name = LaunchScreen.storyboard;
			sourceTree = "<group>";
		};
/* End PBXVariantGroup section */

/* Begin XCBuildConfiguration section */
		7F8D7FCF2A0D873400FA89F7 /* Debug */ = {
			isa = XCBuildConfiguration;
			buildSettings = {
				ALWAYS_SEARCH_USER_PATHS = NO;
				CLANG_ANALYZER_NONNULL = YES;
				CLANG_ANALYZER_NUMBER_OBJECT_CONVERSION = YES_AGGRESSIVE;
				CLANG_CXX_LANGUAGE_STANDARD = "gnu++20";
				CLANG_ENABLE_MODULES = YES;
				CLANG_ENABLE_OBJC_ARC = YES;
				CLANG_ENABLE_OBJC_WEAK = YES;
				CLANG_WARN_BLOCK_CAPTURE_AUTORELEASING = YES;
				CLANG_WARN_BOOL_CONVERSION = YES;
				CLANG_WARN_COMMA = YES;
				CLANG_WARN_CONSTANT_CONVERSION = YES;
				CLANG_WARN_DEPRECATED_OBJC_IMPLEMENTATIONS = YES;
				CLANG_WARN_DIRECT_OBJC_ISA_USAGE = YES_ERROR;
				CLANG_WARN_DOCUMENTATION_COMMENTS = YES;
				CLANG_WARN_EMPTY_BODY = YES;
				CLANG_WARN_ENUM_CONVERSION = YES;
				CLANG_WARN_INFINITE_RECURSION = YES;
				CLANG_WARN_INT_CONVERSION = YES;
				CLANG_WARN_NON_LITERAL_NULL_CONVERSION = YES;
				CLANG_WARN_OBJC_IMPLICIT_RETAIN_SELF = YES;
				CLANG_WARN_OBJC_LITERAL_CONVERSION = YES;
				CLANG_WARN_OBJC_ROOT_CLASS = YES_ERROR;
				CLANG_WARN_QUOTED_INCLUDE_IN_FRAMEWORK_HEADER = YES;
				CLANG_WARN_RANGE_LOOP_ANALYSIS = YES;
				CLANG_WARN_STRICT_PROTOTYPES = YES;
				CLANG_WARN_SUSPICIOUS_MOVE = YES;
				CLANG_WARN_UNGUARDED_AVAILABILITY = YES_AGGRESSIVE;
				CLANG_WARN_UNREACHABLE_CODE = YES;
				CLANG_WARN__DUPLICATE_METHOD_MATCH = YES;
				COPY_PHASE_STRIP = NO;
				DEBUG_INFORMATION_FORMAT = dwarf;
				ENABLE_STRICT_OBJC_MSGSEND = YES;
				ENABLE_TESTABILITY = YES;
				GCC_C_LANGUAGE_STANDARD = gnu11;
				GCC_DYNAMIC_NO_PIC = NO;
				GCC_NO_COMMON_BLOCKS = YES;
				GCC_OPTIMIZATION_LEVEL = 0;
				GCC_PREPROCESSOR_DEFINITIONS = (
					"DEBUG=1",
					"$(inherited)",
				);
				GCC_WARN_64_TO_32_BIT_CONVERSION = YES;
				GCC_WARN_ABOUT_RETURN_TYPE = YES_ERROR;
				GCC_WARN_UNDECLARED_SELECTOR = YES;
				GCC_WARN_UNINITIALIZED_AUTOS = YES_AGGRESSIVE;
				GCC_WARN_UNUSED_FUNCTION = YES;
				GCC_WARN_UNUSED_VARIABLE = YES;
				IPHONEOS_DEPLOYMENT_TARGET = 16.4;
				MTL_ENABLE_DEBUG_INFO = INCLUDE_SOURCE;
				MTL_FAST_MATH = YES;
				ONLY_ACTIVE_ARCH = YES;
				SDKROOT = iphoneos;
				SWIFT_ACTIVE_COMPILATION_CONDITIONS = DEBUG;
				SWIFT_OPTIMIZATION_LEVEL = "-Onone";
			};
			name = Debug;
		};
		7F8D7FD02A0D873400FA89F7 /* Release */ = {
			isa = XCBuildConfiguration;
			buildSettings = {
				ALWAYS_SEARCH_USER_PATHS = NO;
				CLANG_ANALYZER_NONNULL = YES;
				CLANG_ANALYZER_NUMBER_OBJECT_CONVERSION = YES_AGGRESSIVE;
				CLANG_CXX_LANGUAGE_STANDARD = "gnu++20";
				CLANG_ENABLE_MODULES = YES;
				CLANG_ENABLE_OBJC_ARC = YES;
				CLANG_ENABLE_OBJC_WEAK = YES;
				CLANG_WARN_BLOCK_CAPTURE_AUTORELEASING = YES;
				CLANG_WARN_BOOL_CONVERSION = YES;
				CLANG_WARN_COMMA = YES;
				CLANG_WARN_CONSTANT_CONVERSION = YES;
				CLANG_WARN_DEPRECATED_OBJC_IMPLEMENTATIONS = YES;
				CLANG_WARN_DIRECT_OBJC_ISA_USAGE = YES_ERROR;
				CLANG_WARN_DOCUMENTATION_COMMENTS = YES;
				CLANG_WARN_EMPTY_BODY = YES;
				CLANG_WARN_ENUM_CONVERSION = YES;
				CLANG_WARN_INFINITE_RECURSION = YES;
				CLANG_WARN_INT_CONVERSION = YES;
				CLANG_WARN_NON_LITERAL_NULL_CONVERSION = YES;
				CLANG_WARN_OBJC_IMPLICIT_RETAIN_SELF = YES;
				CLANG_WARN_OBJC_LITERAL_CONVERSION = YES;
				CLANG_WARN_OBJC_ROOT_CLASS = YES_ERROR;
				CLANG_WARN_QUOTED_INCLUDE_IN_FRAMEWORK_HEADER = YES;
				CLANG_WARN_RANGE_LOOP_ANALYSIS = YES;
				CLANG_WARN_STRICT_PROTOTYPES = YES;
				CLANG_WARN_SUSPICIOUS_MOVE = YES;
				CLANG_WARN_UNGUARDED_AVAILABILITY = YES_AGGRESSIVE;
				CLANG_WARN_UNREACHABLE_CODE = YES;
				CLANG_WARN__DUPLICATE_METHOD_MATCH = YES;
				COPY_PHASE_STRIP = NO;
				DEBUG_INFORMATION_FORMAT = "dwarf-with-dsym";
				ENABLE_NS_ASSERTIONS = NO;
				ENABLE_STRICT_OBJC_MSGSEND = YES;
				GCC_C_LANGUAGE_STANDARD = gnu11;
				GCC_NO_COMMON_BLOCKS = YES;
				GCC_WARN_64_TO_32_BIT_CONVERSION = YES;
				GCC_WARN_ABOUT_RETURN_TYPE = YES_ERROR;
				GCC_WARN_UNDECLARED_SELECTOR = YES;
				GCC_WARN_UNINITIALIZED_AUTOS = YES_AGGRESSIVE;
				GCC_WARN_UNUSED_FUNCTION = YES;
				GCC_WARN_UNUSED_VARIABLE = YES;
				IPHONEOS_DEPLOYMENT_TARGET = 16.4;
				MTL_ENABLE_DEBUG_INFO = NO;
				MTL_FAST_MATH = YES;
				SDKROOT = iphoneos;
				SWIFT_COMPILATION_MODE = wholemodule;
				SWIFT_OPTIMIZATION_LEVEL = "-O";
				VALIDATE_PRODUCT = YES;
			};
			name = Release;
		};
		7F8D7FD22A0D873400FA89F7 /* Debug */ = {
			isa = XCBuildConfiguration;
			buildSettings = {
				ASSETCATALOG_COMPILER_APPICON_NAME = AppIcon;
				ASSETCATALOG_COMPILER_GLOBAL_ACCENT_COLOR_NAME = AccentColor;
				CODE_SIGN_STYLE = Automatic;
				CURRENT_PROJECT_VERSION = 1;
				GENERATE_INFOPLIST_FILE = YES;
				INFOPLIST_FILE = Gacha/Info.plist;
				INFOPLIST_KEY_UIApplicationSupportsIndirectInputEvents = YES;
				INFOPLIST_KEY_UILaunchStoryboardName = LaunchScreen;
				INFOPLIST_KEY_UIMainStoryboardFile = Main;
				INFOPLIST_KEY_UISupportedInterfaceOrientations_iPad = "UIInterfaceOrientationPortrait UIInterfaceOrientationPortraitUpsideDown UIInterfaceOrientationLandscapeLeft UIInterfaceOrientationLandscapeRight";
				INFOPLIST_KEY_UISupportedInterfaceOrientations_iPhone = "UIInterfaceOrientationPortrait UIInterfaceOrientationLandscapeLeft UIInterfaceOrientationLandscapeRight";
				LD_RUNPATH_SEARCH_PATHS = (
					"$(inherited)",
					"@executable_path/Frameworks",
				);
				MARKETING_VERSION = 1.0;
				PRODUCT_BUNDLE_IDENTIFIER = app.mori.dars.Gacha;
				PRODUCT_NAME = "$(TARGET_NAME)";
				SWIFT_EMIT_LOC_STRINGS = YES;
				SWIFT_VERSION = 5.0;
				TARGETED_DEVICE_FAMILY = "1,2";
			};
			name = Debug;
		};
		7F8D7FD32A0D873400FA89F7 /* Release */ = {
			isa = XCBuildConfiguration;
			buildSettings = {
				ASSETCATALOG_COMPILER_APPICON_NAME = AppIcon;
				ASSETCATALOG_COMPILER_GLOBAL_ACCENT_COLOR_NAME = AccentColor;
				CODE_SIGN_STYLE = Automatic;
				CURRENT_PROJECT_VERSION = 1;
				GENERATE_INFOPLIST_FILE = YES;
				INFOPLIST_FILE = Gacha/Info.plist;
				INFOPLIST_KEY_UIApplicationSupportsIndirectInputEvents = YES;
				INFOPLIST_KEY_UILaunchStoryboardName = LaunchScreen;
				INFOPLIST_KEY_UIMainStoryboardFile = Main;
				INFOPLIST_KEY_UISupportedInterfaceOrientations_iPad = "UIInterfaceOrientationPortrait UIInterfaceOrientationPortraitUpsideDown UIInterfaceOrientationLandscapeLeft UIInterfaceOrientationLandscapeRight";
				INFOPLIST_KEY_UISupportedInterfaceOrientations_iPhone = "UIInterfaceOrientationPortrait UIInterfaceOrientationLandscapeLeft UIInterfaceOrientationLandscapeRight";
				LD_RUNPATH_SEARCH_PATHS = (
					"$(inherited)",
					"@executable_path/Frameworks",
				);
				MARKETING_VERSION = 1.0;
				PRODUCT_BUNDLE_IDENTIFIER = app.mori.dars.Gacha;
				PRODUCT_NAME = "$(TARGET_NAME)";
				SWIFT_EMIT_LOC_STRINGS = YES;
				SWIFT_VERSION = 5.0;
				TARGETED_DEVICE_FAMILY = "1,2";
			};
			name = Release;
		};
/* End XCBuildConfiguration section */

/* Begin XCConfigurationList section */
		7F8D7FB82A0D873400FA89F7 /* Build configuration list for PBXProject "Gacha" */ = {
			isa = XCConfigurationList;
			buildConfigurations = (
				7F8D7FCF2A0D873400FA89F7 /* Debug */,
				7F8D7FD02A0D873400FA89F7 /* Release */,
			);
			defaultConfigurationIsVisible = 0;
			defaultConfigurationName = Release;
		};
		7F8D7FD12A0D873400FA89F7 /* Build configuration list for PBXNativeTarget "Gacha" */ = {
			isa = XCConfigurationList;
			buildConfigurations = (
				7F8D7FD22A0D873400FA89F7 /* Debug */,
				7F8D7FD32A0D873400FA89F7 /* Release */,
			);
			defaultConfigurationIsVisible = 0;
			defaultConfigurationName = Release;
		};
/* End XCConfigurationList section */
	};
	rootObject = 7F8D7FB52A0D873400FA89F7 /* Project object */;
}
